
Microsoft Visual Studio Solution File, Format Version 12.00
# Visual Studio 2015
Project("{FAE04EC0-301F-11D3-BF4B-00C04F79EFBC}") = "Kitchen.CSharp", "Kitchen.CSharp.csproj", "{F494B3F3-EB7A-E4CF-4DB7-D685881F77A7}"
EndProject
Project("{FAE04EC0-301F-11D3-BF4B-00C04F79EFBC}") = "Kitchen.CSharp.Editor", "Kitchen.CSharp.Editor.csproj", "{98B1B5FC-5E89-3860-8945-3EDF178B3D4E}"
EndProject
Global
	GlobalSection(SolutionConfigurationPlatforms) = preSolution
		Debug|Any CPU = Debug|Any CPU
		Release|Any CPU = Release|Any CPU
	EndGlobalSection
	GlobalSection(ProjectConfigurationPlatforms) = postSolution
		{F494B3F3-EB7A-E4CF-4DB7-D685881F77A7}.Debug|Any CPU.ActiveCfg = Debug|Any CPU
		{F494B3F3-EB7A-E4CF-4DB7-D685881F77A7}.Debug|Any CPU.Build.0 = Debug|Any CPU
		{F494B3F3-EB7A-E4CF-4DB7-D685881F77A7}.Release|Any CPU.ActiveCfg = Release|Any CPU
		{F494B3F3-EB7A-E4CF-4DB7-D685881F77A7}.Release|Any CPU.Build.0 = Release|Any CPU
		{98B1B5FC-5E89-3860-8945-3EDF178B3D4E}.Debug|Any CPU.ActiveCfg = Debug|Any CPU
		{98B1B5FC-5E89-3860-8945-3EDF178B3D4E}.Debug|Any CPU.Build.0 = Debug|Any CPU
		{98B1B5FC-5E89-3860-8945-3EDF178B3D4E}.Release|Any CPU.ActiveCfg = Release|Any CPU
		{98B1B5FC-5E89-3860-8945-3EDF178B3D4E}.Release|Any CPU.Build.0 = Release|Any CPU
	EndGlobalSection
	GlobalSection(SolutionProperties) = preSolution
		HideSolutionNode = FALSE
	EndGlobalSection
EndGlobal
