
Microsoft Visual Studio Solution File, Format Version 12.00
# Visual Studio 2015
Project("{FAE04EC0-301F-11D3-BF4B-00C04F79EFBC}") = "Kitchen.Plugins", "Kitchen.Plugins.csproj", "{0A03B8D0-261C-0145-2407-2ACAE1BC2907}"
EndProject
Project("{FAE04EC0-301F-11D3-BF4B-00C04F79EFBC}") = "Kitchen", "Kitchen.csproj", "{688AB9E7-EB85-DA5E-823E-88257AB42C5F}"
EndProject
Project("{FAE04EC0-301F-11D3-BF4B-00C04F79EFBC}") = "Kitchen.Editor", "Kitchen.Editor.csproj", "{800CF5E9-E824-7359-7448-E15C213001FE}"
EndProject
Global
	GlobalSection(SolutionConfigurationPlatforms) = preSolution
		Debug|Any CPU = Debug|Any CPU
		Release|Any CPU = Release|Any CPU
	EndGlobalSection
	GlobalSection(ProjectConfigurationPlatforms) = postSolution
		{0A03B8D0-261C-0145-2407-2ACAE1BC2907}.Debug|Any CPU.ActiveCfg = Debug|Any CPU
		{0A03B8D0-261C-0145-2407-2ACAE1BC2907}.Debug|Any CPU.Build.0 = Debug|Any CPU
		{0A03B8D0-261C-0145-2407-2ACAE1BC2907}.Release|Any CPU.ActiveCfg = Release|Any CPU
		{0A03B8D0-261C-0145-2407-2ACAE1BC2907}.Release|Any CPU.Build.0 = Release|Any CPU
		{688AB9E7-EB85-DA5E-823E-88257AB42C5F}.Debug|Any CPU.ActiveCfg = Debug|Any CPU
		{688AB9E7-EB85-DA5E-823E-88257AB42C5F}.Debug|Any CPU.Build.0 = Debug|Any CPU
		{688AB9E7-EB85-DA5E-823E-88257AB42C5F}.Release|Any CPU.ActiveCfg = Release|Any CPU
		{688AB9E7-EB85-DA5E-823E-88257AB42C5F}.Release|Any CPU.Build.0 = Release|Any CPU
		{800CF5E9-E824-7359-7448-E15C213001FE}.Debug|Any CPU.ActiveCfg = Debug|Any CPU
		{800CF5E9-E824-7359-7448-E15C213001FE}.Debug|Any CPU.Build.0 = Debug|Any CPU
		{800CF5E9-E824-7359-7448-E15C213001FE}.Release|Any CPU.ActiveCfg = Release|Any CPU
		{800CF5E9-E824-7359-7448-E15C213001FE}.Release|Any CPU.Build.0 = Release|Any CPU
	EndGlobalSection
	GlobalSection(SolutionProperties) = preSolution
		HideSolutionNode = FALSE
	EndGlobalSection
EndGlobal
